
Microsoft Visual Studio Solution File, Format Version 10.00
# Visual Studio 2008
Project("{8BC9CEB8-8B4A-11D0-8D11-00A0C91BC942}") = "FusionXML", "FusionXML\FusionXML.vcproj", "{9FB8CE20-E07D-49F1-9B3B-FA60BDCF533A}"
EndProject
Project("{8BC9CEB8-8B4A-11D0-8D11-00A0C91BC942}") = "FusionXMLtest", "FusionXMLtest\FusionXMLtest.vcproj", "{6C4BA5B9-2B22-4120-928B-D2BE5022FF42}"
	ProjectSection(ProjectDependencies) = postProject
		{9FB8CE20-E07D-49F1-9B3B-FA60BDCF533A} = {9FB8CE20-E07D-49F1-9B3B-FA60BDCF533A}
	EndProjectSection
EndProject
Project("{8BC9CEB8-8B4A-11D0-8D11-00A0C91BC942}") = "FusionXMLtestCE", "FusionXMLtestCE\FusionXMLtestCE.vcproj", "{B6D770D3-D66E-44C4-BA03-7A5200C7422A}"
	ProjectSection(ProjectDependencies) = postProject
		{9FB8CE20-E07D-49F1-9B3B-FA60BDCF533A} = {9FB8CE20-E07D-49F1-9B3B-FA60BDCF533A}
	EndProjectSection
EndProject
Project("{8BC9CEB8-8B4A-11D0-8D11-00A0C91BC942}") = "FusionTest", "FusionTest\FusionTest.vcproj", "{6F07F3AA-EA96-45CF-8AB3-D351081553A3}"
	ProjectSection(ProjectDependencies) = postProject
		{9FB8CE20-E07D-49F1-9B3B-FA60BDCF533A} = {9FB8CE20-E07D-49F1-9B3B-FA60BDCF533A}
	EndProjectSection
EndProject
Project("{8BC9CEB8-8B4A-11D0-8D11-00A0C91BC942}") = "FusionTest2", "FusionTest2\FusionTest2.vcproj", "{71C23873-1BE8-42E4-ACB3-F3C07219FF2E}"
	ProjectSection(ProjectDependencies) = postProject
		{9FB8CE20-E07D-49F1-9B3B-FA60BDCF533A} = {9FB8CE20-E07D-49F1-9B3B-FA60BDCF533A}
	EndProjectSection
EndProject
Global
	GlobalSection(SolutionConfigurationPlatforms) = preSolution
		Debug|MC3000c50a (ARMV4I) = Debug|MC3000c50a (ARMV4I)
		Debug|MC3000c50b (ARMV4I) = Debug|MC3000c50b (ARMV4I)
		Debug|Motorola MC3100c60 Windows CE6.0 PSDK (ARMV4I) = Debug|Motorola MC3100c60 Windows CE6.0 PSDK (ARMV4I)
		Debug|Pocket PC 2003 (ARMV4) = Debug|Pocket PC 2003 (ARMV4)
		Debug|Windows Mobile 5.0 Pocket PC SDK (ARMV4I) = Debug|Windows Mobile 5.0 Pocket PC SDK (ARMV4I)
		Debug|WT40X0c50 (ARMV4I) = Debug|WT40X0c50 (ARMV4I)
		Release|MC3000c50a (ARMV4I) = Release|MC3000c50a (ARMV4I)
		Release|MC3000c50b (ARMV4I) = Release|MC3000c50b (ARMV4I)
		Release|Motorola MC3100c60 Windows CE6.0 PSDK (ARMV4I) = Release|Motorola MC3100c60 Windows CE6.0 PSDK (ARMV4I)
		Release|Pocket PC 2003 (ARMV4) = Release|Pocket PC 2003 (ARMV4)
		Release|Windows Mobile 5.0 Pocket PC SDK (ARMV4I) = Release|Windows Mobile 5.0 Pocket PC SDK (ARMV4I)
		Release|WT40X0c50 (ARMV4I) = Release|WT40X0c50 (ARMV4I)
	EndGlobalSection
	GlobalSection(ProjectConfigurationPlatforms) = postSolution
		{9FB8CE20-E07D-49F1-9B3B-FA60BDCF533A}.Debug|MC3000c50a (ARMV4I).ActiveCfg = Debug|WT40X0c50 (ARMV4I)
		{9FB8CE20-E07D-49F1-9B3B-FA60BDCF533A}.Debug|MC3000c50b (ARMV4I).ActiveCfg = Debug|MC3000c50b (ARMV4I)
		{9FB8CE20-E07D-49F1-9B3B-FA60BDCF533A}.Debug|MC3000c50b (ARMV4I).Build.0 = Debug|MC3000c50b (ARMV4I)
		{9FB8CE20-E07D-49F1-9B3B-FA60BDCF533A}.Debug|MC3000c50b (ARMV4I).Deploy.0 = Debug|MC3000c50b (ARMV4I)
		{9FB8CE20-E07D-49F1-9B3B-FA60BDCF533A}.Debug|Motorola MC3100c60 Windows CE6.0 PSDK (ARMV4I).ActiveCfg = Debug|WT40X0c50 (ARMV4I)
		{9FB8CE20-E07D-49F1-9B3B-FA60BDCF533A}.Debug|Pocket PC 2003 (ARMV4).ActiveCfg = Debug|Pocket PC 2003 (ARMV4)
		{9FB8CE20-E07D-49F1-9B3B-FA60BDCF533A}.Debug|Pocket PC 2003 (ARMV4).Build.0 = Debug|Pocket PC 2003 (ARMV4)
		{9FB8CE20-E07D-49F1-9B3B-FA60BDCF533A}.Debug|Pocket PC 2003 (ARMV4).Deploy.0 = Debug|Pocket PC 2003 (ARMV4)
		{9FB8CE20-E07D-49F1-9B3B-FA60BDCF533A}.Debug|Windows Mobile 5.0 Pocket PC SDK (ARMV4I).ActiveCfg = Debug|Windows Mobile 5.0 Pocket PC SDK (ARMV4I)
		{9FB8CE20-E07D-49F1-9B3B-FA60BDCF533A}.Debug|Windows Mobile 5.0 Pocket PC SDK (ARMV4I).Build.0 = Debug|Windows Mobile 5.0 Pocket PC SDK (ARMV4I)
		{9FB8CE20-E07D-49F1-9B3B-FA60BDCF533A}.Debug|Windows Mobile 5.0 Pocket PC SDK (ARMV4I).Deploy.0 = Debug|Windows Mobile 5.0 Pocket PC SDK (ARMV4I)
		{9FB8CE20-E07D-49F1-9B3B-FA60BDCF533A}.Debug|WT40X0c50 (ARMV4I).ActiveCfg = Debug|WT40X0c50 (ARMV4I)
		{9FB8CE20-E07D-49F1-9B3B-FA60BDCF533A}.Debug|WT40X0c50 (ARMV4I).Build.0 = Debug|WT40X0c50 (ARMV4I)
		{9FB8CE20-E07D-49F1-9B3B-FA60BDCF533A}.Debug|WT40X0c50 (ARMV4I).Deploy.0 = Debug|WT40X0c50 (ARMV4I)
		{9FB8CE20-E07D-49F1-9B3B-FA60BDCF533A}.Release|MC3000c50a (ARMV4I).ActiveCfg = Release|WT40X0c50 (ARMV4I)
		{9FB8CE20-E07D-49F1-9B3B-FA60BDCF533A}.Release|MC3000c50b (ARMV4I).ActiveCfg = Release|WT40X0c50 (ARMV4I)
		{9FB8CE20-E07D-49F1-9B3B-FA60BDCF533A}.Release|Motorola MC3100c60 Windows CE6.0 PSDK (ARMV4I).ActiveCfg = Release|WT40X0c50 (ARMV4I)
		{9FB8CE20-E07D-49F1-9B3B-FA60BDCF533A}.Release|Pocket PC 2003 (ARMV4).ActiveCfg = Release|Pocket PC 2003 (ARMV4)
		{9FB8CE20-E07D-49F1-9B3B-FA60BDCF533A}.Release|Pocket PC 2003 (ARMV4).Build.0 = Release|Pocket PC 2003 (ARMV4)
		{9FB8CE20-E07D-49F1-9B3B-FA60BDCF533A}.Release|Pocket PC 2003 (ARMV4).Deploy.0 = Release|Pocket PC 2003 (ARMV4)
		{9FB8CE20-E07D-49F1-9B3B-FA60BDCF533A}.Release|Windows Mobile 5.0 Pocket PC SDK (ARMV4I).ActiveCfg = Release|Windows Mobile 5.0 Pocket PC SDK (ARMV4I)
		{9FB8CE20-E07D-49F1-9B3B-FA60BDCF533A}.Release|Windows Mobile 5.0 Pocket PC SDK (ARMV4I).Build.0 = Release|Windows Mobile 5.0 Pocket PC SDK (ARMV4I)
		{9FB8CE20-E07D-49F1-9B3B-FA60BDCF533A}.Release|Windows Mobile 5.0 Pocket PC SDK (ARMV4I).Deploy.0 = Release|Windows Mobile 5.0 Pocket PC SDK (ARMV4I)
		{9FB8CE20-E07D-49F1-9B3B-FA60BDCF533A}.Release|WT40X0c50 (ARMV4I).ActiveCfg = Release|WT40X0c50 (ARMV4I)
		{9FB8CE20-E07D-49F1-9B3B-FA60BDCF533A}.Release|WT40X0c50 (ARMV4I).Build.0 = Release|WT40X0c50 (ARMV4I)
		{9FB8CE20-E07D-49F1-9B3B-FA60BDCF533A}.Release|WT40X0c50 (ARMV4I).Deploy.0 = Release|WT40X0c50 (ARMV4I)
		{6C4BA5B9-2B22-4120-928B-D2BE5022FF42}.Debug|MC3000c50a (ARMV4I).ActiveCfg = Debug|WT40X0c50 (ARMV4I)
		{6C4BA5B9-2B22-4120-928B-D2BE5022FF42}.Debug|MC3000c50b (ARMV4I).ActiveCfg = Debug|WT40X0c50 (ARMV4I)
		{6C4BA5B9-2B22-4120-928B-D2BE5022FF42}.Debug|Motorola MC3100c60 Windows CE6.0 PSDK (ARMV4I).ActiveCfg = Debug|WT40X0c50 (ARMV4I)
		{6C4BA5B9-2B22-4120-928B-D2BE5022FF42}.Debug|Pocket PC 2003 (ARMV4).ActiveCfg = Debug|Pocket PC 2003 (ARMV4)
		{6C4BA5B9-2B22-4120-928B-D2BE5022FF42}.Debug|Pocket PC 2003 (ARMV4).Build.0 = Debug|Pocket PC 2003 (ARMV4)
		{6C4BA5B9-2B22-4120-928B-D2BE5022FF42}.Debug|Pocket PC 2003 (ARMV4).Deploy.0 = Debug|Pocket PC 2003 (ARMV4)
		{6C4BA5B9-2B22-4120-928B-D2BE5022FF42}.Debug|Windows Mobile 5.0 Pocket PC SDK (ARMV4I).ActiveCfg = Debug|Windows Mobile 5.0 Pocket PC SDK (ARMV4I)
		{6C4BA5B9-2B22-4120-928B-D2BE5022FF42}.Debug|Windows Mobile 5.0 Pocket PC SDK (ARMV4I).Build.0 = Debug|Windows Mobile 5.0 Pocket PC SDK (ARMV4I)
		{6C4BA5B9-2B22-4120-928B-D2BE5022FF42}.Debug|Windows Mobile 5.0 Pocket PC SDK (ARMV4I).Deploy.0 = Debug|Windows Mobile 5.0 Pocket PC SDK (ARMV4I)
		{6C4BA5B9-2B22-4120-928B-D2BE5022FF42}.Debug|WT40X0c50 (ARMV4I).ActiveCfg = Debug|WT40X0c50 (ARMV4I)
		{6C4BA5B9-2B22-4120-928B-D2BE5022FF42}.Debug|WT40X0c50 (ARMV4I).Build.0 = Debug|WT40X0c50 (ARMV4I)
		{6C4BA5B9-2B22-4120-928B-D2BE5022FF42}.Debug|WT40X0c50 (ARMV4I).Deploy.0 = Debug|WT40X0c50 (ARMV4I)
		{6C4BA5B9-2B22-4120-928B-D2BE5022FF42}.Release|MC3000c50a (ARMV4I).ActiveCfg = Release|WT40X0c50 (ARMV4I)
		{6C4BA5B9-2B22-4120-928B-D2BE5022FF42}.Release|MC3000c50b (ARMV4I).ActiveCfg = Release|WT40X0c50 (ARMV4I)
		{6C4BA5B9-2B22-4120-928B-D2BE5022FF42}.Release|Motorola MC3100c60 Windows CE6.0 PSDK (ARMV4I).ActiveCfg = Release|WT40X0c50 (ARMV4I)
		{6C4BA5B9-2B22-4120-928B-D2BE5022FF42}.Release|Pocket PC 2003 (ARMV4).ActiveCfg = Release|Pocket PC 2003 (ARMV4)
		{6C4BA5B9-2B22-4120-928B-D2BE5022FF42}.Release|Pocket PC 2003 (ARMV4).Build.0 = Release|Pocket PC 2003 (ARMV4)
		{6C4BA5B9-2B22-4120-928B-D2BE5022FF42}.Release|Pocket PC 2003 (ARMV4).Deploy.0 = Release|Pocket PC 2003 (ARMV4)
		{6C4BA5B9-2B22-4120-928B-D2BE5022FF42}.Release|Windows Mobile 5.0 Pocket PC SDK (ARMV4I).ActiveCfg = Release|Windows Mobile 5.0 Pocket PC SDK (ARMV4I)
		{6C4BA5B9-2B22-4120-928B-D2BE5022FF42}.Release|Windows Mobile 5.0 Pocket PC SDK (ARMV4I).Build.0 = Release|Windows Mobile 5.0 Pocket PC SDK (ARMV4I)
		{6C4BA5B9-2B22-4120-928B-D2BE5022FF42}.Release|Windows Mobile 5.0 Pocket PC SDK (ARMV4I).Deploy.0 = Release|Windows Mobile 5.0 Pocket PC SDK (ARMV4I)
		{6C4BA5B9-2B22-4120-928B-D2BE5022FF42}.Release|WT40X0c50 (ARMV4I).ActiveCfg = Release|WT40X0c50 (ARMV4I)
		{6C4BA5B9-2B22-4120-928B-D2BE5022FF42}.Release|WT40X0c50 (ARMV4I).Build.0 = Release|WT40X0c50 (ARMV4I)
		{6C4BA5B9-2B22-4120-928B-D2BE5022FF42}.Release|WT40X0c50 (ARMV4I).Deploy.0 = Release|WT40X0c50 (ARMV4I)
		{B6D770D3-D66E-44C4-BA03-7A5200C7422A}.Debug|MC3000c50a (ARMV4I).ActiveCfg = Debug|WT40X0c50 (ARMV4I)
		{B6D770D3-D66E-44C4-BA03-7A5200C7422A}.Debug|MC3000c50b (ARMV4I).ActiveCfg = Debug|WT40X0c50 (ARMV4I)
		{B6D770D3-D66E-44C4-BA03-7A5200C7422A}.Debug|Motorola MC3100c60 Windows CE6.0 PSDK (ARMV4I).ActiveCfg = Debug|WT40X0c50 (ARMV4I)
		{B6D770D3-D66E-44C4-BA03-7A5200C7422A}.Debug|Pocket PC 2003 (ARMV4).ActiveCfg = Debug|Pocket PC 2003 (ARMV4)
		{B6D770D3-D66E-44C4-BA03-7A5200C7422A}.Debug|Pocket PC 2003 (ARMV4).Build.0 = Debug|Pocket PC 2003 (ARMV4)
		{B6D770D3-D66E-44C4-BA03-7A5200C7422A}.Debug|Pocket PC 2003 (ARMV4).Deploy.0 = Debug|Pocket PC 2003 (ARMV4)
		{B6D770D3-D66E-44C4-BA03-7A5200C7422A}.Debug|Windows Mobile 5.0 Pocket PC SDK (ARMV4I).ActiveCfg = Debug|Windows Mobile 5.0 Pocket PC SDK (ARMV4I)
		{B6D770D3-D66E-44C4-BA03-7A5200C7422A}.Debug|Windows Mobile 5.0 Pocket PC SDK (ARMV4I).Build.0 = Debug|Windows Mobile 5.0 Pocket PC SDK (ARMV4I)
		{B6D770D3-D66E-44C4-BA03-7A5200C7422A}.Debug|Windows Mobile 5.0 Pocket PC SDK (ARMV4I).Deploy.0 = Debug|Windows Mobile 5.0 Pocket PC SDK (ARMV4I)
		{B6D770D3-D66E-44C4-BA03-7A5200C7422A}.Debug|WT40X0c50 (ARMV4I).ActiveCfg = Debug|WT40X0c50 (ARMV4I)
		{B6D770D3-D66E-44C4-BA03-7A5200C7422A}.Debug|WT40X0c50 (ARMV4I).Build.0 = Debug|WT40X0c50 (ARMV4I)
		{B6D770D3-D66E-44C4-BA03-7A5200C7422A}.Debug|WT40X0c50 (ARMV4I).Deploy.0 = Debug|WT40X0c50 (ARMV4I)
		{B6D770D3-D66E-44C4-BA03-7A5200C7422A}.Release|MC3000c50a (ARMV4I).ActiveCfg = Release|WT40X0c50 (ARMV4I)
		{B6D770D3-D66E-44C4-BA03-7A5200C7422A}.Release|MC3000c50b (ARMV4I).ActiveCfg = Release|WT40X0c50 (ARMV4I)
		{B6D770D3-D66E-44C4-BA03-7A5200C7422A}.Release|Motorola MC3100c60 Windows CE6.0 PSDK (ARMV4I).ActiveCfg = Release|WT40X0c50 (ARMV4I)
		{B6D770D3-D66E-44C4-BA03-7A5200C7422A}.Release|Pocket PC 2003 (ARMV4).ActiveCfg = Release|Pocket PC 2003 (ARMV4)
		{B6D770D3-D66E-44C4-BA03-7A5200C7422A}.Release|Pocket PC 2003 (ARMV4).Build.0 = Release|Pocket PC 2003 (ARMV4)
		{B6D770D3-D66E-44C4-BA03-7A5200C7422A}.Release|Pocket PC 2003 (ARMV4).Deploy.0 = Release|Pocket PC 2003 (ARMV4)
		{B6D770D3-D66E-44C4-BA03-7A5200C7422A}.Release|Windows Mobile 5.0 Pocket PC SDK (ARMV4I).ActiveCfg = Release|Windows Mobile 5.0 Pocket PC SDK (ARMV4I)
		{B6D770D3-D66E-44C4-BA03-7A5200C7422A}.Release|Windows Mobile 5.0 Pocket PC SDK (ARMV4I).Build.0 = Release|Windows Mobile 5.0 Pocket PC SDK (ARMV4I)
		{B6D770D3-D66E-44C4-BA03-7A5200C7422A}.Release|Windows Mobile 5.0 Pocket PC SDK (ARMV4I).Deploy.0 = Release|Windows Mobile 5.0 Pocket PC SDK (ARMV4I)
		{B6D770D3-D66E-44C4-BA03-7A5200C7422A}.Release|WT40X0c50 (ARMV4I).ActiveCfg = Release|WT40X0c50 (ARMV4I)
		{B6D770D3-D66E-44C4-BA03-7A5200C7422A}.Release|WT40X0c50 (ARMV4I).Build.0 = Release|WT40X0c50 (ARMV4I)
		{B6D770D3-D66E-44C4-BA03-7A5200C7422A}.Release|WT40X0c50 (ARMV4I).Deploy.0 = Release|WT40X0c50 (ARMV4I)
		{6F07F3AA-EA96-45CF-8AB3-D351081553A3}.Debug|MC3000c50a (ARMV4I).ActiveCfg = Debug|MC3000c50b (ARMV4I)
		{6F07F3AA-EA96-45CF-8AB3-D351081553A3}.Debug|MC3000c50b (ARMV4I).ActiveCfg = Debug|MC3000c50b (ARMV4I)
		{6F07F3AA-EA96-45CF-8AB3-D351081553A3}.Debug|MC3000c50b (ARMV4I).Build.0 = Debug|MC3000c50b (ARMV4I)
		{6F07F3AA-EA96-45CF-8AB3-D351081553A3}.Debug|MC3000c50b (ARMV4I).Deploy.0 = Debug|MC3000c50b (ARMV4I)
		{6F07F3AA-EA96-45CF-8AB3-D351081553A3}.Debug|Motorola MC3100c60 Windows CE6.0 PSDK (ARMV4I).ActiveCfg = Debug|MC3000c50b (ARMV4I)
		{6F07F3AA-EA96-45CF-8AB3-D351081553A3}.Debug|Pocket PC 2003 (ARMV4).ActiveCfg = Debug|Windows Mobile 5.0 Pocket PC SDK (ARMV4I)
		{6F07F3AA-EA96-45CF-8AB3-D351081553A3}.Debug|Windows Mobile 5.0 Pocket PC SDK (ARMV4I).ActiveCfg = Debug|Windows Mobile 5.0 Pocket PC SDK (ARMV4I)
		{6F07F3AA-EA96-45CF-8AB3-D351081553A3}.Debug|Windows Mobile 5.0 Pocket PC SDK (ARMV4I).Build.0 = Debug|Windows Mobile 5.0 Pocket PC SDK (ARMV4I)
		{6F07F3AA-EA96-45CF-8AB3-D351081553A3}.Debug|Windows Mobile 5.0 Pocket PC SDK (ARMV4I).Deploy.0 = Debug|Windows Mobile 5.0 Pocket PC SDK (ARMV4I)
		{6F07F3AA-EA96-45CF-8AB3-D351081553A3}.Debug|WT40X0c50 (ARMV4I).ActiveCfg = Debug|WT40X0c50 (ARMV4I)
		{6F07F3AA-EA96-45CF-8AB3-D351081553A3}.Debug|WT40X0c50 (ARMV4I).Build.0 = Debug|WT40X0c50 (ARMV4I)
		{6F07F3AA-EA96-45CF-8AB3-D351081553A3}.Debug|WT40X0c50 (ARMV4I).Deploy.0 = Debug|WT40X0c50 (ARMV4I)
		{6F07F3AA-EA96-45CF-8AB3-D351081553A3}.Release|MC3000c50a (ARMV4I).ActiveCfg = Release|MC3000c50b (ARMV4I)
		{6F07F3AA-EA96-45CF-8AB3-D351081553A3}.Release|MC3000c50b (ARMV4I).ActiveCfg = Release|MC3000c50b (ARMV4I)
		{6F07F3AA-EA96-45CF-8AB3-D351081553A3}.Release|MC3000c50b (ARMV4I).Build.0 = Release|MC3000c50b (ARMV4I)
		{6F07F3AA-EA96-45CF-8AB3-D351081553A3}.Release|MC3000c50b (ARMV4I).Deploy.0 = Release|MC3000c50b (ARMV4I)
		{6F07F3AA-EA96-45CF-8AB3-D351081553A3}.Release|Motorola MC3100c60 Windows CE6.0 PSDK (ARMV4I).ActiveCfg = Release|MC3000c50b (ARMV4I)
		{6F07F3AA-EA96-45CF-8AB3-D351081553A3}.Release|Pocket PC 2003 (ARMV4).ActiveCfg = Release|Windows Mobile 5.0 Pocket PC SDK (ARMV4I)
		{6F07F3AA-EA96-45CF-8AB3-D351081553A3}.Release|Windows Mobile 5.0 Pocket PC SDK (ARMV4I).ActiveCfg = Release|Windows Mobile 5.0 Pocket PC SDK (ARMV4I)
		{6F07F3AA-EA96-45CF-8AB3-D351081553A3}.Release|Windows Mobile 5.0 Pocket PC SDK (ARMV4I).Build.0 = Release|Windows Mobile 5.0 Pocket PC SDK (ARMV4I)
		{6F07F3AA-EA96-45CF-8AB3-D351081553A3}.Release|Windows Mobile 5.0 Pocket PC SDK (ARMV4I).Deploy.0 = Release|Windows Mobile 5.0 Pocket PC SDK (ARMV4I)
		{6F07F3AA-EA96-45CF-8AB3-D351081553A3}.Release|WT40X0c50 (ARMV4I).ActiveCfg = Release|WT40X0c50 (ARMV4I)
		{6F07F3AA-EA96-45CF-8AB3-D351081553A3}.Release|WT40X0c50 (ARMV4I).Build.0 = Release|WT40X0c50 (ARMV4I)
		{6F07F3AA-EA96-45CF-8AB3-D351081553A3}.Release|WT40X0c50 (ARMV4I).Deploy.0 = Release|WT40X0c50 (ARMV4I)
		{71C23873-1BE8-42E4-ACB3-F3C07219FF2E}.Debug|MC3000c50a (ARMV4I).ActiveCfg = Debug|MC3000c50b (ARMV4I)
		{71C23873-1BE8-42E4-ACB3-F3C07219FF2E}.Debug|MC3000c50b (ARMV4I).ActiveCfg = Debug|MC3000c50b (ARMV4I)
		{71C23873-1BE8-42E4-ACB3-F3C07219FF2E}.Debug|MC3000c50b (ARMV4I).Build.0 = Debug|MC3000c50b (ARMV4I)
		{71C23873-1BE8-42E4-ACB3-F3C07219FF2E}.Debug|MC3000c50b (ARMV4I).Deploy.0 = Debug|MC3000c50b (ARMV4I)
		{71C23873-1BE8-42E4-ACB3-F3C07219FF2E}.Debug|Motorola MC3100c60 Windows CE6.0 PSDK (ARMV4I).ActiveCfg = Debug|MC3000c50b (ARMV4I)
		{71C23873-1BE8-42E4-ACB3-F3C07219FF2E}.Debug|Pocket PC 2003 (ARMV4).ActiveCfg = Debug|Windows Mobile 5.0 Pocket PC SDK (ARMV4I)
		{71C23873-1BE8-42E4-ACB3-F3C07219FF2E}.Debug|Windows Mobile 5.0 Pocket PC SDK (ARMV4I).ActiveCfg = Debug|Windows Mobile 5.0 Pocket PC SDK (ARMV4I)
		{71C23873-1BE8-42E4-ACB3-F3C07219FF2E}.Debug|Windows Mobile 5.0 Pocket PC SDK (ARMV4I).Build.0 = Debug|Windows Mobile 5.0 Pocket PC SDK (ARMV4I)
		{71C23873-1BE8-42E4-ACB3-F3C07219FF2E}.Debug|Windows Mobile 5.0 Pocket PC SDK (ARMV4I).Deploy.0 = Debug|Windows Mobile 5.0 Pocket PC SDK (ARMV4I)
		{71C23873-1BE8-42E4-ACB3-F3C07219FF2E}.Debug|WT40X0c50 (ARMV4I).ActiveCfg = Debug|WT40X0c50 (ARMV4I)
		{71C23873-1BE8-42E4-ACB3-F3C07219FF2E}.Debug|WT40X0c50 (ARMV4I).Build.0 = Debug|WT40X0c50 (ARMV4I)
		{71C23873-1BE8-42E4-ACB3-F3C07219FF2E}.Debug|WT40X0c50 (ARMV4I).Deploy.0 = Debug|WT40X0c50 (ARMV4I)
		{71C23873-1BE8-42E4-ACB3-F3C07219FF2E}.Release|MC3000c50a (ARMV4I).ActiveCfg = Release|MC3000c50b (ARMV4I)
		{71C23873-1BE8-42E4-ACB3-F3C07219FF2E}.Release|MC3000c50b (ARMV4I).ActiveCfg = Release|MC3000c50b (ARMV4I)
		{71C23873-1BE8-42E4-ACB3-F3C07219FF2E}.Release|MC3000c50b (ARMV4I).Build.0 = Release|MC3000c50b (ARMV4I)
		{71C23873-1BE8-42E4-ACB3-F3C07219FF2E}.Release|MC3000c50b (ARMV4I).Deploy.0 = Release|MC3000c50b (ARMV4I)
		{71C23873-1BE8-42E4-ACB3-F3C07219FF2E}.Release|Motorola MC3100c60 Windows CE6.0 PSDK (ARMV4I).ActiveCfg = Release|MC3000c50b (ARMV4I)
		{71C23873-1BE8-42E4-ACB3-F3C07219FF2E}.Release|Pocket PC 2003 (ARMV4).ActiveCfg = Release|Windows Mobile 5.0 Pocket PC SDK (ARMV4I)
		{71C23873-1BE8-42E4-ACB3-F3C07219FF2E}.Release|Windows Mobile 5.0 Pocket PC SDK (ARMV4I).ActiveCfg = Release|Windows Mobile 5.0 Pocket PC SDK (ARMV4I)
		{71C23873-1BE8-42E4-ACB3-F3C07219FF2E}.Release|Windows Mobile 5.0 Pocket PC SDK (ARMV4I).Build.0 = Release|Windows Mobile 5.0 Pocket PC SDK (ARMV4I)
		{71C23873-1BE8-42E4-ACB3-F3C07219FF2E}.Release|Windows Mobile 5.0 Pocket PC SDK (ARMV4I).Deploy.0 = Release|Windows Mobile 5.0 Pocket PC SDK (ARMV4I)
		{71C23873-1BE8-42E4-ACB3-F3C07219FF2E}.Release|WT40X0c50 (ARMV4I).ActiveCfg = Release|WT40X0c50 (ARMV4I)
		{71C23873-1BE8-42E4-ACB3-F3C07219FF2E}.Release|WT40X0c50 (ARMV4I).Build.0 = Release|WT40X0c50 (ARMV4I)
		{71C23873-1BE8-42E4-ACB3-F3C07219FF2E}.Release|WT40X0c50 (ARMV4I).Deploy.0 = Release|WT40X0c50 (ARMV4I)
	EndGlobalSection
	GlobalSection(SolutionProperties) = preSolution
		HideSolutionNode = FALSE
	EndGlobalSection
EndGlobal
